// !$*UTF8*$!
{
	archiveVersion = 1;
	classes = {
	};
	objectVersion = 56;
	objects = {

/* Begin PBXBuildFile section */
		DA269E10298960EF00F42107 /* List.swift in Sources */ = {isa = PBXBuildFile; fileRef = DA269E0F298960EF00F42107 /* List.swift */; };
		DA32836129E19C920070FCA0 /* Detail.swift in Sources */ = {isa = PBXBuildFile; fileRef = DA32836029E19C920070FCA0 /* Detail.swift */; };
		DA32836429E33F650070FCA0 /* ListItem.swift in Sources */ = {isa = PBXBuildFile; fileRef = DA32836329E33F650070FCA0 /* ListItem.swift */; };
		DA63553029E48A3E00AAD7C0 /* VehicleInfo.swift in Sources */ = {isa = PBXBuildFile; fileRef = DA63552F29E48A3E00AAD7C0 /* VehicleInfo.swift */; };
		DA63553129E48A3E00AAD7C0 /* VehicleInfo.swift in Sources */ = {isa = PBXBuildFile; fileRef = DA63552F29E48A3E00AAD7C0 /* VehicleInfo.swift */; };
		DA63553329E4957A00AAD7C0 /* String.swift in Sources */ = {isa = PBXBuildFile; fileRef = DA63553229E4957A00AAD7C0 /* String.swift */; };
		DA63553429E4957A00AAD7C0 /* String.swift in Sources */ = {isa = PBXBuildFile; fileRef = DA63553229E4957A00AAD7C0 /* String.swift */; };
		DA89EDE629BA981700C32F24 /* UserDefaults.swift in Sources */ = {isa = PBXBuildFile; fileRef = DA89EDE529BA981700C32F24 /* UserDefaults.swift */; };
		DA89EDEA29BB6FDC00C32F24 /* StopListIcon.swift in Sources */ = {isa = PBXBuildFile; fileRef = DA89EDE929BB6FDC00C32F24 /* StopListIcon.swift */; };
		DAA817C82974387B00E2FBB7 /* TransiApp.swift in Sources */ = {isa = PBXBuildFile; fileRef = DAA817C72974387B00E2FBB7 /* TransiApp.swift */; };
		DAA817CA2974387B00E2FBB7 /* ContentView.swift in Sources */ = {isa = PBXBuildFile; fileRef = DAA817C92974387B00E2FBB7 /* ContentView.swift */; };
		DAA817CC2974387C00E2FBB7 /* Assets.xcassets in Resources */ = {isa = PBXBuildFile; fileRef = DAA817CB2974387C00E2FBB7 /* Assets.xcassets */; };
		DAA817D02974387C00E2FBB7 /* Preview Assets.xcassets in Resources */ = {isa = PBXBuildFile; fileRef = DAA817CF2974387C00E2FBB7 /* Preview Assets.xcassets */; };
		DAA817DA2974387D00E2FBB7 /* TransiTests.swift in Sources */ = {isa = PBXBuildFile; fileRef = DAA817D92974387D00E2FBB7 /* TransiTests.swift */; };
		DAA817E42974387D00E2FBB7 /* TransiUITests.swift in Sources */ = {isa = PBXBuildFile; fileRef = DAA817E32974387D00E2FBB7 /* TransiUITests.swift */; };
		DAA817E62974387D00E2FBB7 /* TransiUITestsLaunchTests.swift in Sources */ = {isa = PBXBuildFile; fileRef = DAA817E52974387D00E2FBB7 /* TransiUITestsLaunchTests.swift */; };
		DAA817F529743A9C00E2FBB7 /* SocketIO in Frameworks */ = {isa = PBXBuildFile; productRef = DAA817F429743A9C00E2FBB7 /* SocketIO */; };
		DAA817F829743B4B00E2FBB7 /* Table.swift in Sources */ = {isa = PBXBuildFile; fileRef = DAA817F729743B4B00E2FBB7 /* Table.swift */; };
		DAA817FA29743B6300E2FBB7 /* DataProvider.swift in Sources */ = {isa = PBXBuildFile; fileRef = DAA817F929743B6300E2FBB7 /* DataProvider.swift */; };
		DAAB2C0829F8727900D79A70 /* Fuse in Frameworks */ = {isa = PBXBuildFile; productRef = DAAB2C0729F8727900D79A70 /* Fuse */; };
		DAAB2C0A29F8751F00D79A70 /* Fuse in Frameworks */ = {isa = PBXBuildFile; productRef = DAAB2C0929F8751F00D79A70 /* Fuse */; };
		DAD0CE9B29CB97D500A43CC6 /* TransiWatchApp.swift in Sources */ = {isa = PBXBuildFile; fileRef = DAD0CE9A29CB97D500A43CC6 /* TransiWatchApp.swift */; };
		DAD0CE9D29CB97D500A43CC6 /* ContentView.swift in Sources */ = {isa = PBXBuildFile; fileRef = DAD0CE9C29CB97D500A43CC6 /* ContentView.swift */; };
		DAD0CEA229CB97D700A43CC6 /* Preview Assets.xcassets in Resources */ = {isa = PBXBuildFile; fileRef = DAD0CEA129CB97D700A43CC6 /* Preview Assets.xcassets */; };
		DAD0CEA529CB97D700A43CC6 /* Transi.app in Embed Watch Content */ = {isa = PBXBuildFile; fileRef = DAD0CE9829CB97D500A43CC6 /* Transi.app */; settings = {ATTRIBUTES = (RemoveHeadersOnCopy, ); }; };
		DAD0CEAB29CB9D4E00A43CC6 /* DataProvider.swift in Sources */ = {isa = PBXBuildFile; fileRef = DAA817F929743B6300E2FBB7 /* DataProvider.swift */; };
		DAD0CEAC29CB9D5400A43CC6 /* Table.swift in Sources */ = {isa = PBXBuildFile; fileRef = DAA817F729743B4B00E2FBB7 /* Table.swift */; };
		DAD0CEAD29CB9D5700A43CC6 /* Stops.swift in Sources */ = {isa = PBXBuildFile; fileRef = DAEF77B029744893008D66DE /* Stops.swift */; };
		DAD0CEAE29CB9DCB00A43CC6 /* UserDefaults.swift in Sources */ = {isa = PBXBuildFile; fileRef = DA89EDE529BA981700C32F24 /* UserDefaults.swift */; };
		DAD0CEB029CB9DE200A43CC6 /* StopListView.swift in Sources */ = {isa = PBXBuildFile; fileRef = DAEF77B22974680B008D66DE /* StopListView.swift */; };
		DAD0CEB129CB9DE500A43CC6 /* StopListIcon.swift in Sources */ = {isa = PBXBuildFile; fileRef = DA89EDE929BB6FDC00C32F24 /* StopListIcon.swift */; };
		DAD0CEB429CB9E1D00A43CC6 /* SocketIO in Frameworks */ = {isa = PBXBuildFile; productRef = DAD0CEB329CB9E1D00A43CC6 /* SocketIO */; };
		DAD0CEB529CB9E3C00A43CC6 /* Assets.xcassets in Resources */ = {isa = PBXBuildFile; fileRef = DAA817CB2974387C00E2FBB7 /* Assets.xcassets */; };
		DAEF77B129744893008D66DE /* Stops.swift in Sources */ = {isa = PBXBuildFile; fileRef = DAEF77B029744893008D66DE /* Stops.swift */; };
		DAEF77B32974680B008D66DE /* StopListView.swift in Sources */ = {isa = PBXBuildFile; fileRef = DAEF77B22974680B008D66DE /* StopListView.swift */; };
/* End PBXBuildFile section */

/* Begin PBXContainerItemProxy section */
		DAA817D62974387D00E2FBB7 /* PBXContainerItemProxy */ = {
			isa = PBXContainerItemProxy;
			containerPortal = DAA817BC2974387B00E2FBB7 /* Project object */;
			proxyType = 1;
			remoteGlobalIDString = DAA817C32974387B00E2FBB7;
			remoteInfo = Transi;
		};
		DAA817E02974387D00E2FBB7 /* PBXContainerItemProxy */ = {
			isa = PBXContainerItemProxy;
			containerPortal = DAA817BC2974387B00E2FBB7 /* Project object */;
			proxyType = 1;
			remoteGlobalIDString = DAA817C32974387B00E2FBB7;
			remoteInfo = Transi;
		};
		DAD0CEA329CB97D700A43CC6 /* PBXContainerItemProxy */ = {
			isa = PBXContainerItemProxy;
			containerPortal = DAA817BC2974387B00E2FBB7 /* Project object */;
			proxyType = 1;
			remoteGlobalIDString = DAD0CE9729CB97D500A43CC6;
			remoteInfo = "TransiWatch Watch App";
		};
/* End PBXContainerItemProxy section */

/* Begin PBXCopyFilesBuildPhase section */
		DAD0CEA929CB97D700A43CC6 /* Embed Watch Content */ = {
			isa = PBXCopyFilesBuildPhase;
			buildActionMask = 2147483647;
			dstPath = "$(CONTENTS_FOLDER_PATH)/Watch";
			dstSubfolderSpec = 16;
			files = (
				DAD0CEA529CB97D700A43CC6 /* Transi.app in Embed Watch Content */,
			);
			name = "Embed Watch Content";
			runOnlyForDeploymentPostprocessing = 0;
		};
/* End PBXCopyFilesBuildPhase section */

/* Begin PBXFileReference section */
		DA80284C2B24E39D0011390B /* Release.xcconfig */ = {isa = PBXFileReference; lastKnownFileType = text.xcconfig; path = Release.xcconfig; sourceTree = "<group>"; };
		DA269E0F298960EF00F42107 /* List.swift */ = {isa = PBXFileReference; lastKnownFileType = sourcecode.swift; path = List.swift; sourceTree = "<group>"; };
		DA32836029E19C920070FCA0 /* Detail.swift */ = {isa = PBXFileReference; lastKnownFileType = sourcecode.swift; path = Detail.swift; sourceTree = "<group>"; };
		DA32836329E33F650070FCA0 /* ListItem.swift */ = {isa = PBXFileReference; lastKnownFileType = sourcecode.swift; path = ListItem.swift; sourceTree = "<group>"; };
		DA63552F29E48A3E00AAD7C0 /* VehicleInfo.swift */ = {isa = PBXFileReference; lastKnownFileType = sourcecode.swift; path = VehicleInfo.swift; sourceTree = "<group>"; };
		DA63553229E4957A00AAD7C0 /* String.swift */ = {isa = PBXFileReference; lastKnownFileType = sourcecode.swift; path = String.swift; sourceTree = "<group>"; };
		DA89EDE529BA981700C32F24 /* UserDefaults.swift */ = {isa = PBXFileReference; lastKnownFileType = sourcecode.swift; path = UserDefaults.swift; sourceTree = "<group>"; };
		DA89EDE929BB6FDC00C32F24 /* StopListIcon.swift */ = {isa = PBXFileReference; lastKnownFileType = sourcecode.swift; path = StopListIcon.swift; sourceTree = "<group>"; };
		DAA817C42974387B00E2FBB7 /* Transi.app */ = {isa = PBXFileReference; explicitFileType = wrapper.application; includeInIndex = 0; path = Transi.app; sourceTree = BUILT_PRODUCTS_DIR; };
		DAA817C72974387B00E2FBB7 /* TransiApp.swift */ = {isa = PBXFileReference; lastKnownFileType = sourcecode.swift; path = TransiApp.swift; sourceTree = "<group>"; };
		DAA817C92974387B00E2FBB7 /* ContentView.swift */ = {isa = PBXFileReference; lastKnownFileType = sourcecode.swift; path = ContentView.swift; sourceTree = "<group>"; };
		DAA817CB2974387C00E2FBB7 /* Assets.xcassets */ = {isa = PBXFileReference; lastKnownFileType = folder.assetcatalog; path = Assets.xcassets; sourceTree = "<group>"; };
		DAA817CD2974387C00E2FBB7 /* Transi.entitlements */ = {isa = PBXFileReference; lastKnownFileType = text.plist.entitlements; path = Transi.entitlements; sourceTree = "<group>"; };
		DAA817CF2974387C00E2FBB7 /* Preview Assets.xcassets */ = {isa = PBXFileReference; lastKnownFileType = folder.assetcatalog; path = "Preview Assets.xcassets"; sourceTree = "<group>"; };
		DAA817D52974387D00E2FBB7 /* TransiTests.xctest */ = {isa = PBXFileReference; explicitFileType = wrapper.cfbundle; includeInIndex = 0; path = TransiTests.xctest; sourceTree = BUILT_PRODUCTS_DIR; };
		DAA817D92974387D00E2FBB7 /* TransiTests.swift */ = {isa = PBXFileReference; lastKnownFileType = sourcecode.swift; path = TransiTests.swift; sourceTree = "<group>"; };
		DAA817DF2974387D00E2FBB7 /* TransiUITests.xctest */ = {isa = PBXFileReference; explicitFileType = wrapper.cfbundle; includeInIndex = 0; path = TransiUITests.xctest; sourceTree = BUILT_PRODUCTS_DIR; };
		DAA817E32974387D00E2FBB7 /* TransiUITests.swift */ = {isa = PBXFileReference; lastKnownFileType = sourcecode.swift; path = TransiUITests.swift; sourceTree = "<group>"; };
		DAA817E52974387D00E2FBB7 /* TransiUITestsLaunchTests.swift */ = {isa = PBXFileReference; lastKnownFileType = sourcecode.swift; path = TransiUITestsLaunchTests.swift; sourceTree = "<group>"; };
		DAA817F22974393300E2FBB7 /* Info.plist */ = {isa = PBXFileReference; lastKnownFileType = text.plist; path = Info.plist; sourceTree = "<group>"; };
		DAA817F729743B4B00E2FBB7 /* Table.swift */ = {isa = PBXFileReference; lastKnownFileType = sourcecode.swift; path = Table.swift; sourceTree = "<group>"; };
		DAA817F929743B6300E2FBB7 /* DataProvider.swift */ = {isa = PBXFileReference; lastKnownFileType = sourcecode.swift; path = DataProvider.swift; sourceTree = "<group>"; };
		DAD0CE9829CB97D500A43CC6 /* Transi.app */ = {isa = PBXFileReference; explicitFileType = wrapper.application; includeInIndex = 0; path = Transi.app; sourceTree = BUILT_PRODUCTS_DIR; };
		DAD0CE9A29CB97D500A43CC6 /* TransiWatchApp.swift */ = {isa = PBXFileReference; lastKnownFileType = sourcecode.swift; path = TransiWatchApp.swift; sourceTree = "<group>"; };
		DAD0CE9C29CB97D500A43CC6 /* ContentView.swift */ = {isa = PBXFileReference; lastKnownFileType = sourcecode.swift; path = ContentView.swift; sourceTree = "<group>"; };
		DAD0CEA129CB97D700A43CC6 /* Preview Assets.xcassets */ = {isa = PBXFileReference; lastKnownFileType = folder.assetcatalog; path = "Preview Assets.xcassets"; sourceTree = "<group>"; };
		DAEF77B029744893008D66DE /* Stops.swift */ = {isa = PBXFileReference; lastKnownFileType = sourcecode.swift; path = Stops.swift; sourceTree = "<group>"; };
		DAEF77B22974680B008D66DE /* StopListView.swift */ = {isa = PBXFileReference; lastKnownFileType = sourcecode.swift; path = StopListView.swift; sourceTree = "<group>"; };
/* End PBXFileReference section */

/* Begin PBXFrameworksBuildPhase section */
		DAA817C12974387B00E2FBB7 /* Frameworks */ = {
			isa = PBXFrameworksBuildPhase;
			buildActionMask = 2147483647;
			files = (
				DAAB2C0829F8727900D79A70 /* Fuse in Frameworks */,
				DAA817F529743A9C00E2FBB7 /* SocketIO in Frameworks */,
			);
			runOnlyForDeploymentPostprocessing = 0;
		};
		DAA817D22974387D00E2FBB7 /* Frameworks */ = {
			isa = PBXFrameworksBuildPhase;
			buildActionMask = 2147483647;
			files = (
			);
			runOnlyForDeploymentPostprocessing = 0;
		};
		DAA817DC2974387D00E2FBB7 /* Frameworks */ = {
			isa = PBXFrameworksBuildPhase;
			buildActionMask = 2147483647;
			files = (
			);
			runOnlyForDeploymentPostprocessing = 0;
		};
		DAD0CE9529CB97D500A43CC6 /* Frameworks */ = {
			isa = PBXFrameworksBuildPhase;
			buildActionMask = 2147483647;
			files = (
				DAAB2C0A29F8751F00D79A70 /* Fuse in Frameworks */,
				DAD0CEB429CB9E1D00A43CC6 /* SocketIO in Frameworks */,
			);
			runOnlyForDeploymentPostprocessing = 0;
		};
/* End PBXFrameworksBuildPhase section */

/* Begin PBXGroup section */
		DA32835F29E19C670070FCA0 /* VirtualTable */ = {
			isa = PBXGroup;
			children = (
				DA269E0F298960EF00F42107 /* List.swift */,
				DA32836029E19C920070FCA0 /* Detail.swift */,
				DA32836329E33F650070FCA0 /* ListItem.swift */,
			);
			path = VirtualTable;
			sourceTree = "<group>";
		};
		DA89EDE429BA980400C32F24 /* Extensions */ = {
			isa = PBXGroup;
			children = (
				DA89EDE529BA981700C32F24 /* UserDefaults.swift */,
				DA63553229E4957A00AAD7C0 /* String.swift */,
			);
			path = Extensions;
			sourceTree = "<group>";
		};
		DAA817BB2974387B00E2FBB7 = {
			isa = PBXGroup;
			children = (
				DA80284C2B24E39D0011390B /* Release.xcconfig */,
				DAD0CEAA29CB9B9800A43CC6 /* Shared */,
				DAA817C62974387B00E2FBB7 /* Transi */,
				DAD0CE9929CB97D500A43CC6 /* Transi Watch App */,
				DAA817D82974387D00E2FBB7 /* TransiTests */,
				DAA817E22974387D00E2FBB7 /* TransiUITests */,
				DAA817C52974387B00E2FBB7 /* Products */,
				DAD0CEB229CB9E1D00A43CC6 /* Frameworks */,
			);
			sourceTree = "<group>";
		};
		DAA817C52974387B00E2FBB7 /* Products */ = {
			isa = PBXGroup;
			children = (
				DAA817C42974387B00E2FBB7 /* Transi.app */,
				DAA817D52974387D00E2FBB7 /* TransiTests.xctest */,
				DAA817DF2974387D00E2FBB7 /* TransiUITests.xctest */,
				DAD0CE9829CB97D500A43CC6 /* Transi.app */,
			);
			name = Products;
			sourceTree = "<group>";
		};
		DAA817C62974387B00E2FBB7 /* Transi */ = {
			isa = PBXGroup;
			children = (
				DA32835F29E19C670070FCA0 /* VirtualTable */,
				DAA817F22974393300E2FBB7 /* Info.plist */,
				DAA817C72974387B00E2FBB7 /* TransiApp.swift */,
				DAA817C92974387B00E2FBB7 /* ContentView.swift */,
				DAA817CD2974387C00E2FBB7 /* Transi.entitlements */,
				DAA817CE2974387C00E2FBB7 /* Preview Content */,
				DAEF77B22974680B008D66DE /* StopListView.swift */,
				DA89EDE929BB6FDC00C32F24 /* StopListIcon.swift */,
			);
			path = Transi;
			sourceTree = "<group>";
		};
		DAA817CE2974387C00E2FBB7 /* Preview Content */ = {
			isa = PBXGroup;
			children = (
				DAA817CF2974387C00E2FBB7 /* Preview Assets.xcassets */,
			);
			path = "Preview Content";
			sourceTree = "<group>";
		};
		DAA817D82974387D00E2FBB7 /* TransiTests */ = {
			isa = PBXGroup;
			children = (
				DAA817D92974387D00E2FBB7 /* TransiTests.swift */,
			);
			path = TransiTests;
			sourceTree = "<group>";
		};
		DAA817E22974387D00E2FBB7 /* TransiUITests */ = {
			isa = PBXGroup;
			children = (
				DAA817E32974387D00E2FBB7 /* TransiUITests.swift */,
				DAA817E52974387D00E2FBB7 /* TransiUITestsLaunchTests.swift */,
			);
			path = TransiUITests;
			sourceTree = "<group>";
		};
		DAA817F629743B2A00E2FBB7 /* Models */ = {
			isa = PBXGroup;
			children = (
				DAA817F729743B4B00E2FBB7 /* Table.swift */,
				DAEF77B029744893008D66DE /* Stops.swift */,
				DA63552F29E48A3E00AAD7C0 /* VehicleInfo.swift */,
			);
			path = Models;
			sourceTree = "<group>";
		};
		DAD0CE9929CB97D500A43CC6 /* Transi Watch App */ = {
			isa = PBXGroup;
			children = (
				DAD0CE9A29CB97D500A43CC6 /* TransiWatchApp.swift */,
				DAD0CE9C29CB97D500A43CC6 /* ContentView.swift */,
				DAD0CEA029CB97D700A43CC6 /* Preview Content */,
			);
			path = "Transi Watch App";
			sourceTree = "<group>";
		};
		DAD0CEA029CB97D700A43CC6 /* Preview Content */ = {
			isa = PBXGroup;
			children = (
				DAD0CEA129CB97D700A43CC6 /* Preview Assets.xcassets */,
			);
			path = "Preview Content";
			sourceTree = "<group>";
		};
		DAD0CEAA29CB9B9800A43CC6 /* Shared */ = {
			isa = PBXGroup;
			children = (
				DAA817CB2974387C00E2FBB7 /* Assets.xcassets */,
				DA89EDE429BA980400C32F24 /* Extensions */,
				DAA817F629743B2A00E2FBB7 /* Models */,
				DAA817F929743B6300E2FBB7 /* DataProvider.swift */,
			);
			path = Shared;
			sourceTree = "<group>";
		};
		DAD0CEB229CB9E1D00A43CC6 /* Frameworks */ = {
			isa = PBXGroup;
			children = (
			);
			name = Frameworks;
			sourceTree = "<group>";
		};
/* End PBXGroup section */

/* Begin PBXNativeTarget section */
		DAA817C32974387B00E2FBB7 /* Transi */ = {
			isa = PBXNativeTarget;
			buildConfigurationList = DAA817E92974387D00E2FBB7 /* Build configuration list for PBXNativeTarget "Transi" */;
			buildPhases = (
				DAA817C02974387B00E2FBB7 /* Sources */,
				DAA817C12974387B00E2FBB7 /* Frameworks */,
				DAA817C22974387B00E2FBB7 /* Resources */,
				DAD0CEA929CB97D700A43CC6 /* Embed Watch Content */,
			);
			buildRules = (
			);
			dependencies = (
				DAD0CEA429CB97D700A43CC6 /* PBXTargetDependency */,
			);
			name = Transi;
			packageProductDependencies = (
				DAA817F429743A9C00E2FBB7 /* SocketIO */,
				DAAB2C0729F8727900D79A70 /* Fuse */,
			);
			productName = Transi;
			productReference = DAA817C42974387B00E2FBB7 /* Transi.app */;
			productType = "com.apple.product-type.application";
		};
		DAA817D42974387D00E2FBB7 /* TransiTests */ = {
			isa = PBXNativeTarget;
			buildConfigurationList = DAA817EC2974387D00E2FBB7 /* Build configuration list for PBXNativeTarget "TransiTests" */;
			buildPhases = (
				DAA817D12974387D00E2FBB7 /* Sources */,
				DAA817D22974387D00E2FBB7 /* Frameworks */,
				DAA817D32974387D00E2FBB7 /* Resources */,
			);
			buildRules = (
			);
			dependencies = (
				DAA817D72974387D00E2FBB7 /* PBXTargetDependency */,
			);
			name = TransiTests;
			productName = TransiTests;
			productReference = DAA817D52974387D00E2FBB7 /* TransiTests.xctest */;
			productType = "com.apple.product-type.bundle.unit-test";
		};
		DAA817DE2974387D00E2FBB7 /* TransiUITests */ = {
			isa = PBXNativeTarget;
			buildConfigurationList = DAA817EF2974387D00E2FBB7 /* Build configuration list for PBXNativeTarget "TransiUITests" */;
			buildPhases = (
				DAA817DB2974387D00E2FBB7 /* Sources */,
				DAA817DC2974387D00E2FBB7 /* Frameworks */,
				DAA817DD2974387D00E2FBB7 /* Resources */,
			);
			buildRules = (
			);
			dependencies = (
				DAA817E12974387D00E2FBB7 /* PBXTargetDependency */,
			);
			name = TransiUITests;
			productName = TransiUITests;
			productReference = DAA817DF2974387D00E2FBB7 /* TransiUITests.xctest */;
			productType = "com.apple.product-type.bundle.ui-testing";
		};
		DAD0CE9729CB97D500A43CC6 /* Transi Watch App */ = {
			isa = PBXNativeTarget;
			buildConfigurationList = DAD0CEA629CB97D700A43CC6 /* Build configuration list for PBXNativeTarget "Transi Watch App" */;
			buildPhases = (
				DAD0CE9429CB97D500A43CC6 /* Sources */,
				DAD0CE9529CB97D500A43CC6 /* Frameworks */,
				DAD0CE9629CB97D500A43CC6 /* Resources */,
			);
			buildRules = (
			);
			dependencies = (
			);
			name = "Transi Watch App";
			packageProductDependencies = (
				DAD0CEB329CB9E1D00A43CC6 /* SocketIO */,
				DAAB2C0929F8751F00D79A70 /* Fuse */,
			);
			productName = "TransiWatch Watch App";
			productReference = DAD0CE9829CB97D500A43CC6 /* Transi.app */;
			productType = "com.apple.product-type.application";
		};
/* End PBXNativeTarget section */

/* Begin PBXProject section */
		DAA817BC2974387B00E2FBB7 /* Project object */ = {
			isa = PBXProject;
			attributes = {
				BuildIndependentTargetsInParallel = 1;
				LastSwiftUpdateCheck = 1400;
				LastUpgradeCheck = 1430;
				TargetAttributes = {
					DAA817C32974387B00E2FBB7 = {
						CreatedOnToolsVersion = 14.1;
					};
					DAA817D42974387D00E2FBB7 = {
						CreatedOnToolsVersion = 14.1;
						TestTargetID = DAA817C32974387B00E2FBB7;
					};
					DAA817DE2974387D00E2FBB7 = {
						CreatedOnToolsVersion = 14.1;
						TestTargetID = DAA817C32974387B00E2FBB7;
					};
					DAD0CE9729CB97D500A43CC6 = {
						CreatedOnToolsVersion = 14.0.1;
					};
				};
			};
			buildConfigurationList = DAA817BF2974387B00E2FBB7 /* Build configuration list for PBXProject "Transi" */;
			compatibilityVersion = "Xcode 14.0";
			developmentRegion = en;
			hasScannedForEncodings = 0;
			knownRegions = (
				en,
				Base,
			);
			mainGroup = DAA817BB2974387B00E2FBB7;
			packageReferences = (
				DAA817F329743A9C00E2FBB7 /* XCRemoteSwiftPackageReference "socket" */,
				DAAB2C0629F8727900D79A70 /* XCRemoteSwiftPackageReference "fuse-swift" */,
			);
			productRefGroup = DAA817C52974387B00E2FBB7 /* Products */;
			projectDirPath = "";
			projectRoot = "";
			targets = (
				DAA817C32974387B00E2FBB7 /* Transi */,
				DAA817D42974387D00E2FBB7 /* TransiTests */,
				DAA817DE2974387D00E2FBB7 /* TransiUITests */,
				DAD0CE9729CB97D500A43CC6 /* Transi Watch App */,
			);
		};
/* End PBXProject section */

/* Begin PBXResourcesBuildPhase section */
		DAA817C22974387B00E2FBB7 /* Resources */ = {
			isa = PBXResourcesBuildPhase;
			buildActionMask = 2147483647;
			files = (
				DAA817D02974387C00E2FBB7 /* Preview Assets.xcassets in Resources */,
				DAA817CC2974387C00E2FBB7 /* Assets.xcassets in Resources */,
			);
			runOnlyForDeploymentPostprocessing = 0;
		};
		DAA817D32974387D00E2FBB7 /* Resources */ = {
			isa = PBXResourcesBuildPhase;
			buildActionMask = 2147483647;
			files = (
			);
			runOnlyForDeploymentPostprocessing = 0;
		};
		DAA817DD2974387D00E2FBB7 /* Resources */ = {
			isa = PBXResourcesBuildPhase;
			buildActionMask = 2147483647;
			files = (
			);
			runOnlyForDeploymentPostprocessing = 0;
		};
		DAD0CE9629CB97D500A43CC6 /* Resources */ = {
			isa = PBXResourcesBuildPhase;
			buildActionMask = 2147483647;
			files = (
				DAD0CEB529CB9E3C00A43CC6 /* Assets.xcassets in Resources */,
				DAD0CEA229CB97D700A43CC6 /* Preview Assets.xcassets in Resources */,
			);
			runOnlyForDeploymentPostprocessing = 0;
		};
/* End PBXResourcesBuildPhase section */

/* Begin PBXSourcesBuildPhase section */
		DAA817C02974387B00E2FBB7 /* Sources */ = {
			isa = PBXSourcesBuildPhase;
			buildActionMask = 2147483647;
			files = (
				DA63553029E48A3E00AAD7C0 /* VehicleInfo.swift in Sources */,
				DA63553329E4957A00AAD7C0 /* String.swift in Sources */,
				DAA817F829743B4B00E2FBB7 /* Table.swift in Sources */,
				DAA817CA2974387B00E2FBB7 /* ContentView.swift in Sources */,
				DA269E10298960EF00F42107 /* List.swift in Sources */,
				DA89EDEA29BB6FDC00C32F24 /* StopListIcon.swift in Sources */,
				DA32836429E33F650070FCA0 /* ListItem.swift in Sources */,
				DAEF77B32974680B008D66DE /* StopListView.swift in Sources */,
				DAA817FA29743B6300E2FBB7 /* DataProvider.swift in Sources */,
				DA32836129E19C920070FCA0 /* Detail.swift in Sources */,
				DA89EDE629BA981700C32F24 /* UserDefaults.swift in Sources */,
				DAA817C82974387B00E2FBB7 /* TransiApp.swift in Sources */,
				DAEF77B129744893008D66DE /* Stops.swift in Sources */,
			);
			runOnlyForDeploymentPostprocessing = 0;
		};
		DAA817D12974387D00E2FBB7 /* Sources */ = {
			isa = PBXSourcesBuildPhase;
			buildActionMask = 2147483647;
			files = (
				DAA817DA2974387D00E2FBB7 /* TransiTests.swift in Sources */,
			);
			runOnlyForDeploymentPostprocessing = 0;
		};
		DAA817DB2974387D00E2FBB7 /* Sources */ = {
			isa = PBXSourcesBuildPhase;
			buildActionMask = 2147483647;
			files = (
				DAA817E42974387D00E2FBB7 /* TransiUITests.swift in Sources */,
				DAA817E62974387D00E2FBB7 /* TransiUITestsLaunchTests.swift in Sources */,
			);
			runOnlyForDeploymentPostprocessing = 0;
		};
		DAD0CE9429CB97D500A43CC6 /* Sources */ = {
			isa = PBXSourcesBuildPhase;
			buildActionMask = 2147483647;
			files = (
				DAD0CEAB29CB9D4E00A43CC6 /* DataProvider.swift in Sources */,
				DAD0CEB029CB9DE200A43CC6 /* StopListView.swift in Sources */,
				DA63553429E4957A00AAD7C0 /* String.swift in Sources */,
				DAD0CEB129CB9DE500A43CC6 /* StopListIcon.swift in Sources */,
				DA63553129E48A3E00AAD7C0 /* VehicleInfo.swift in Sources */,
				DAD0CE9D29CB97D500A43CC6 /* ContentView.swift in Sources */,
				DAD0CEAE29CB9DCB00A43CC6 /* UserDefaults.swift in Sources */,
				DAD0CEAC29CB9D5400A43CC6 /* Table.swift in Sources */,
				DAD0CE9B29CB97D500A43CC6 /* TransiWatchApp.swift in Sources */,
				DAD0CEAD29CB9D5700A43CC6 /* Stops.swift in Sources */,
			);
			runOnlyForDeploymentPostprocessing = 0;
		};
/* End PBXSourcesBuildPhase section */

/* Begin PBXTargetDependency section */
		DAA817D72974387D00E2FBB7 /* PBXTargetDependency */ = {
			isa = PBXTargetDependency;
			target = DAA817C32974387B00E2FBB7 /* Transi */;
			targetProxy = DAA817D62974387D00E2FBB7 /* PBXContainerItemProxy */;
		};
		DAA817E12974387D00E2FBB7 /* PBXTargetDependency */ = {
			isa = PBXTargetDependency;
			target = DAA817C32974387B00E2FBB7 /* Transi */;
			targetProxy = DAA817E02974387D00E2FBB7 /* PBXContainerItemProxy */;
		};
		DAD0CEA429CB97D700A43CC6 /* PBXTargetDependency */ = {
			isa = PBXTargetDependency;
			target = DAD0CE9729CB97D500A43CC6 /* Transi Watch App */;
			targetProxy = DAD0CEA329CB97D700A43CC6 /* PBXContainerItemProxy */;
		};
/* End PBXTargetDependency section */

/* Begin XCBuildConfiguration section */
		DAA817E72974387D00E2FBB7 /* Debug */ = {
			isa = XCBuildConfiguration;
			buildSettings = {
				ALWAYS_SEARCH_USER_PATHS = NO;
				CLANG_ANALYZER_NONNULL = YES;
				CLANG_ANALYZER_NUMBER_OBJECT_CONVERSION = YES_AGGRESSIVE;
				CLANG_CXX_LANGUAGE_STANDARD = "gnu++20";
				CLANG_ENABLE_MODULES = YES;
				CLANG_ENABLE_OBJC_ARC = YES;
				CLANG_ENABLE_OBJC_WEAK = YES;
				CLANG_WARN_BLOCK_CAPTURE_AUTORELEASING = YES;
				CLANG_WARN_BOOL_CONVERSION = YES;
				CLANG_WARN_COMMA = YES;
				CLANG_WARN_CONSTANT_CONVERSION = YES;
				CLANG_WARN_DEPRECATED_OBJC_IMPLEMENTATIONS = YES;
				CLANG_WARN_DIRECT_OBJC_ISA_USAGE = YES_ERROR;
				CLANG_WARN_DOCUMENTATION_COMMENTS = YES;
				CLANG_WARN_EMPTY_BODY = YES;
				CLANG_WARN_ENUM_CONVERSION = YES;
				CLANG_WARN_INFINITE_RECURSION = YES;
				CLANG_WARN_INT_CONVERSION = YES;
				CLANG_WARN_NON_LITERAL_NULL_CONVERSION = YES;
				CLANG_WARN_OBJC_IMPLICIT_RETAIN_SELF = YES;
				CLANG_WARN_OBJC_LITERAL_CONVERSION = YES;
				CLANG_WARN_OBJC_ROOT_CLASS = YES_ERROR;
				CLANG_WARN_QUOTED_INCLUDE_IN_FRAMEWORK_HEADER = YES;
				CLANG_WARN_RANGE_LOOP_ANALYSIS = YES;
				CLANG_WARN_STRICT_PROTOTYPES = YES;
				CLANG_WARN_SUSPICIOUS_MOVE = YES;
				CLANG_WARN_UNGUARDED_AVAILABILITY = YES_AGGRESSIVE;
				CLANG_WARN_UNREACHABLE_CODE = YES;
				CLANG_WARN__DUPLICATE_METHOD_MATCH = YES;
				COPY_PHASE_STRIP = NO;
				DEAD_CODE_STRIPPING = YES;
				DEBUG_INFORMATION_FORMAT = dwarf;
				ENABLE_STRICT_OBJC_MSGSEND = YES;
				ENABLE_TESTABILITY = YES;
				GCC_C_LANGUAGE_STANDARD = gnu11;
				GCC_DYNAMIC_NO_PIC = NO;
				GCC_NO_COMMON_BLOCKS = YES;
				GCC_OPTIMIZATION_LEVEL = 0;
				GCC_PREPROCESSOR_DEFINITIONS = (
					"DEBUG=1",
					"$(inherited)",
				);
				GCC_WARN_64_TO_32_BIT_CONVERSION = YES;
				GCC_WARN_ABOUT_RETURN_TYPE = YES_ERROR;
				GCC_WARN_UNDECLARED_SELECTOR = YES;
				GCC_WARN_UNINITIALIZED_AUTOS = YES_AGGRESSIVE;
				GCC_WARN_UNUSED_FUNCTION = YES;
				GCC_WARN_UNUSED_VARIABLE = YES;
				IPHONEOS_DEPLOYMENT_TARGET = 15.6;
				MACOSX_DEPLOYMENT_TARGET = 13.0;
				MTL_ENABLE_DEBUG_INFO = INCLUDE_SOURCE;
				MTL_FAST_MATH = YES;
				ONLY_ACTIVE_ARCH = YES;
				SWIFT_ACTIVE_COMPILATION_CONDITIONS = DEBUG;
				SWIFT_OPTIMIZATION_LEVEL = "-Onone";
			};
			name = Debug;
		};
		DAA817E82974387D00E2FBB7 /* Release */ = {
			isa = XCBuildConfiguration;
			buildSettings = {
				ALWAYS_SEARCH_USER_PATHS = NO;
				CLANG_ANALYZER_NONNULL = YES;
				CLANG_ANALYZER_NUMBER_OBJECT_CONVERSION = YES_AGGRESSIVE;
				CLANG_CXX_LANGUAGE_STANDARD = "gnu++20";
				CLANG_ENABLE_MODULES = YES;
				CLANG_ENABLE_OBJC_ARC = YES;
				CLANG_ENABLE_OBJC_WEAK = YES;
				CLANG_WARN_BLOCK_CAPTURE_AUTORELEASING = YES;
				CLANG_WARN_BOOL_CONVERSION = YES;
				CLANG_WARN_COMMA = YES;
				CLANG_WARN_CONSTANT_CONVERSION = YES;
				CLANG_WARN_DEPRECATED_OBJC_IMPLEMENTATIONS = YES;
				CLANG_WARN_DIRECT_OBJC_ISA_USAGE = YES_ERROR;
				CLANG_WARN_DOCUMENTATION_COMMENTS = YES;
				CLANG_WARN_EMPTY_BODY = YES;
				CLANG_WARN_ENUM_CONVERSION = YES;
				CLANG_WARN_INFINITE_RECURSION = YES;
				CLANG_WARN_INT_CONVERSION = YES;
				CLANG_WARN_NON_LITERAL_NULL_CONVERSION = YES;
				CLANG_WARN_OBJC_IMPLICIT_RETAIN_SELF = YES;
				CLANG_WARN_OBJC_LITERAL_CONVERSION = YES;
				CLANG_WARN_OBJC_ROOT_CLASS = YES_ERROR;
				CLANG_WARN_QUOTED_INCLUDE_IN_FRAMEWORK_HEADER = YES;
				CLANG_WARN_RANGE_LOOP_ANALYSIS = YES;
				CLANG_WARN_STRICT_PROTOTYPES = YES;
				CLANG_WARN_SUSPICIOUS_MOVE = YES;
				CLANG_WARN_UNGUARDED_AVAILABILITY = YES_AGGRESSIVE;
				CLANG_WARN_UNREACHABLE_CODE = YES;
				CLANG_WARN__DUPLICATE_METHOD_MATCH = YES;
				COPY_PHASE_STRIP = NO;
				DEAD_CODE_STRIPPING = YES;
				DEBUG_INFORMATION_FORMAT = "dwarf-with-dsym";
				ENABLE_NS_ASSERTIONS = NO;
				ENABLE_STRICT_OBJC_MSGSEND = YES;
				GCC_C_LANGUAGE_STANDARD = gnu11;
				GCC_NO_COMMON_BLOCKS = YES;
				GCC_WARN_64_TO_32_BIT_CONVERSION = YES;
				GCC_WARN_ABOUT_RETURN_TYPE = YES_ERROR;
				GCC_WARN_UNDECLARED_SELECTOR = YES;
				GCC_WARN_UNINITIALIZED_AUTOS = YES_AGGRESSIVE;
				GCC_WARN_UNUSED_FUNCTION = YES;
				GCC_WARN_UNUSED_VARIABLE = YES;
				IPHONEOS_DEPLOYMENT_TARGET = 15.6;
				MACOSX_DEPLOYMENT_TARGET = 13.0;
				MTL_ENABLE_DEBUG_INFO = NO;
				MTL_FAST_MATH = YES;
				SWIFT_COMPILATION_MODE = wholemodule;
				SWIFT_OPTIMIZATION_LEVEL = "-O";
			};
			name = Release;
		};
		DAA817EA2974387D00E2FBB7 /* Debug */ = {
			isa = XCBuildConfiguration;
			buildSettings = {
				ALWAYS_EMBED_SWIFT_STANDARD_LIBRARIES = YES;
				ASSETCATALOG_COMPILER_APPICON_NAME = AppIcon;
				ASSETCATALOG_COMPILER_GLOBAL_ACCENT_COLOR_NAME = AccentColor;
				CODE_SIGN_ENTITLEMENTS = Transi/Transi.entitlements;
				CODE_SIGN_IDENTITY = "Apple Development";
				CODE_SIGN_STYLE = Automatic;
				CURRENT_PROJECT_VERSION = 1;
				DEAD_CODE_STRIPPING = YES;
				DEVELOPMENT_ASSET_PATHS = "\"Transi/Preview Content\"";
				DEVELOPMENT_TEAM = 8G65S9KX9U;
				ENABLE_HARDENED_RUNTIME = YES;
				ENABLE_PREVIEWS = YES;
				GENERATE_INFOPLIST_FILE = YES;
				INFOPLIST_FILE = Transi/Info.plist;
				INFOPLIST_KEY_CFBundleDisplayName = Transi;
				INFOPLIST_KEY_LSApplicationCategoryType = "public.app-category.travel";
				INFOPLIST_KEY_NSLocationWhenInUseUsageDescription = "Location will be used for showing nearby stops. Everything stays on your device.";
				INFOPLIST_KEY_UIApplicationSceneManifest_Generation = YES;
				"INFOPLIST_KEY_UIApplicationSceneManifest_Generation[sdk=iphoneos*]" = YES;
				"INFOPLIST_KEY_UIApplicationSceneManifest_Generation[sdk=iphonesimulator*]" = YES;
				INFOPLIST_KEY_UIApplicationSupportsIndirectInputEvents = YES;
				"INFOPLIST_KEY_UIApplicationSupportsIndirectInputEvents[sdk=iphoneos*]" = YES;
				"INFOPLIST_KEY_UIApplicationSupportsIndirectInputEvents[sdk=iphonesimulator*]" = YES;
				INFOPLIST_KEY_UILaunchScreen_Generation = YES;
				"INFOPLIST_KEY_UILaunchScreen_Generation[sdk=iphoneos*]" = YES;
				"INFOPLIST_KEY_UILaunchScreen_Generation[sdk=iphonesimulator*]" = YES;
				INFOPLIST_KEY_UIStatusBarStyle = UIStatusBarStyleDefault;
				"INFOPLIST_KEY_UIStatusBarStyle[sdk=iphoneos*]" = UIStatusBarStyleDefault;
				"INFOPLIST_KEY_UIStatusBarStyle[sdk=iphonesimulator*]" = UIStatusBarStyleDefault;
				INFOPLIST_KEY_UISupportedInterfaceOrientations = UIInterfaceOrientationPortrait;
				INFOPLIST_KEY_UISupportedInterfaceOrientations_iPad = "UIInterfaceOrientationLandscapeLeft UIInterfaceOrientationLandscapeRight UIInterfaceOrientationPortrait UIInterfaceOrientationPortraitUpsideDown";
				IPHONEOS_DEPLOYMENT_TARGET = 15.6;
				LD_RUNPATH_SEARCH_PATHS = "@executable_path/Frameworks";
				"LD_RUNPATH_SEARCH_PATHS[sdk=macosx*]" = "@executable_path/../Frameworks";
				MACOSX_DEPLOYMENT_TARGET = 13.0;
				MARKETING_VERSION = 0.1;
				PRODUCT_BUNDLE_IDENTIFIER = eu.magicsk.transi;
				PRODUCT_NAME = "$(TARGET_NAME)";
				PROVISIONING_PROFILE_SPECIFIER = "";
				SDKROOT = auto;
				SUPPORTED_PLATFORMS = "iphoneos iphonesimulator macosx";
				SWIFT_EMIT_LOC_STRINGS = YES;
				SWIFT_VERSION = 5.0;
				TARGETED_DEVICE_FAMILY = "1,2";
			};
			name = Debug;
		};
		DAA817EB2974387D00E2FBB7 /* Release */ = {
			isa = XCBuildConfiguration;
			buildSettings = {
				ALWAYS_EMBED_SWIFT_STANDARD_LIBRARIES = YES;
				ASSETCATALOG_COMPILER_APPICON_NAME = AppIcon;
				ASSETCATALOG_COMPILER_GLOBAL_ACCENT_COLOR_NAME = AccentColor;
				CODE_SIGN_ENTITLEMENTS = Transi/Transi.entitlements;
				CODE_SIGN_IDENTITY = "Apple Development";
				CODE_SIGN_STYLE = Automatic;
				CURRENT_PROJECT_VERSION = 1;
				DEAD_CODE_STRIPPING = YES;
				DEVELOPMENT_ASSET_PATHS = "\"Transi/Preview Content\"";
				DEVELOPMENT_TEAM = 8G65S9KX9U;
				ENABLE_HARDENED_RUNTIME = YES;
				ENABLE_PREVIEWS = YES;
				GENERATE_INFOPLIST_FILE = YES;
				INFOPLIST_FILE = Transi/Info.plist;
				INFOPLIST_KEY_CFBundleDisplayName = Transi;
				INFOPLIST_KEY_LSApplicationCategoryType = "public.app-category.travel";
				INFOPLIST_KEY_NSLocationWhenInUseUsageDescription = "Location will be used for showing nearby stops. Everything stays on your device.";
				INFOPLIST_KEY_UIApplicationSceneManifest_Generation = YES;
				"INFOPLIST_KEY_UIApplicationSceneManifest_Generation[sdk=iphoneos*]" = YES;
				"INFOPLIST_KEY_UIApplicationSceneManifest_Generation[sdk=iphonesimulator*]" = YES;
				INFOPLIST_KEY_UIApplicationSupportsIndirectInputEvents = YES;
				"INFOPLIST_KEY_UIApplicationSupportsIndirectInputEvents[sdk=iphoneos*]" = YES;
				"INFOPLIST_KEY_UIApplicationSupportsIndirectInputEvents[sdk=iphonesimulator*]" = YES;
				INFOPLIST_KEY_UILaunchScreen_Generation = YES;
				"INFOPLIST_KEY_UILaunchScreen_Generation[sdk=iphoneos*]" = YES;
				"INFOPLIST_KEY_UILaunchScreen_Generation[sdk=iphonesimulator*]" = YES;
				INFOPLIST_KEY_UIStatusBarStyle = UIStatusBarStyleDefault;
				"INFOPLIST_KEY_UIStatusBarStyle[sdk=iphoneos*]" = UIStatusBarStyleDefault;
				"INFOPLIST_KEY_UIStatusBarStyle[sdk=iphonesimulator*]" = UIStatusBarStyleDefault;
				INFOPLIST_KEY_UISupportedInterfaceOrientations = UIInterfaceOrientationPortrait;
				INFOPLIST_KEY_UISupportedInterfaceOrientations_iPad = "UIInterfaceOrientationLandscapeLeft UIInterfaceOrientationLandscapeRight UIInterfaceOrientationPortrait UIInterfaceOrientationPortraitUpsideDown";
				IPHONEOS_DEPLOYMENT_TARGET = 15.6;
				LD_RUNPATH_SEARCH_PATHS = "@executable_path/Frameworks";
				"LD_RUNPATH_SEARCH_PATHS[sdk=macosx*]" = "@executable_path/../Frameworks";
				MACOSX_DEPLOYMENT_TARGET = 13.0;
				MARKETING_VERSION = 0.1;
				PRODUCT_BUNDLE_IDENTIFIER = eu.magicsk.transi;
				PRODUCT_NAME = "$(TARGET_NAME)";
				PROVISIONING_PROFILE_SPECIFIER = "";
				SDKROOT = auto;
				SUPPORTED_PLATFORMS = "iphoneos iphonesimulator macosx";
				SWIFT_EMIT_LOC_STRINGS = YES;
				SWIFT_VERSION = 5.0;
				TARGETED_DEVICE_FAMILY = "1,2";
			};
			name = Release;
		};
		DAA817ED2974387D00E2FBB7 /* Debug */ = {
			isa = XCBuildConfiguration;
			buildSettings = {
				ALWAYS_EMBED_SWIFT_STANDARD_LIBRARIES = YES;
				BUNDLE_LOADER = "$(TEST_HOST)";
				CODE_SIGN_STYLE = Automatic;
				CURRENT_PROJECT_VERSION = 1;
				DEAD_CODE_STRIPPING = YES;
				DEVELOPMENT_TEAM = 8G65S9KX9U;
				GENERATE_INFOPLIST_FILE = YES;
				IPHONEOS_DEPLOYMENT_TARGET = 16.1;
				MACOSX_DEPLOYMENT_TARGET = 13.0;
				MARKETING_VERSION = 1.0;
				PRODUCT_BUNDLE_IDENTIFIER = eu.magicsk.TransiTests;
				PRODUCT_NAME = "$(TARGET_NAME)";
				SDKROOT = auto;
				SUPPORTED_PLATFORMS = "iphoneos iphonesimulator macosx";
				SWIFT_EMIT_LOC_STRINGS = NO;
				SWIFT_VERSION = 5.0;
				TARGETED_DEVICE_FAMILY = "1,2";
				TEST_HOST = "$(BUILT_PRODUCTS_DIR)/Transi.app/$(BUNDLE_EXECUTABLE_FOLDER_PATH)/Transi";
			};
			name = Debug;
		};
		DAA817EE2974387D00E2FBB7 /* Release */ = {
			isa = XCBuildConfiguration;
			buildSettings = {
				ALWAYS_EMBED_SWIFT_STANDARD_LIBRARIES = YES;
				BUNDLE_LOADER = "$(TEST_HOST)";
				CODE_SIGN_STYLE = Automatic;
				CURRENT_PROJECT_VERSION = 1;
				DEAD_CODE_STRIPPING = YES;
				DEVELOPMENT_TEAM = 8G65S9KX9U;
				GENERATE_INFOPLIST_FILE = YES;
				IPHONEOS_DEPLOYMENT_TARGET = 16.1;
				MACOSX_DEPLOYMENT_TARGET = 13.0;
				MARKETING_VERSION = 1.0;
				PRODUCT_BUNDLE_IDENTIFIER = eu.magicsk.TransiTests;
				PRODUCT_NAME = "$(TARGET_NAME)";
				SDKROOT = auto;
				SUPPORTED_PLATFORMS = "iphoneos iphonesimulator macosx";
				SWIFT_EMIT_LOC_STRINGS = NO;
				SWIFT_VERSION = 5.0;
				TARGETED_DEVICE_FAMILY = "1,2";
				TEST_HOST = "$(BUILT_PRODUCTS_DIR)/Transi.app/$(BUNDLE_EXECUTABLE_FOLDER_PATH)/Transi";
			};
			name = Release;
		};
		DAA817F02974387D00E2FBB7 /* Debug */ = {
			isa = XCBuildConfiguration;
			buildSettings = {
				ALWAYS_EMBED_SWIFT_STANDARD_LIBRARIES = YES;
				CODE_SIGN_STYLE = Automatic;
				CURRENT_PROJECT_VERSION = 1;
				DEAD_CODE_STRIPPING = YES;
				DEVELOPMENT_TEAM = 8G65S9KX9U;
				GENERATE_INFOPLIST_FILE = YES;
				IPHONEOS_DEPLOYMENT_TARGET = 16.1;
				MACOSX_DEPLOYMENT_TARGET = 13.0;
				MARKETING_VERSION = 1.0;
				PRODUCT_BUNDLE_IDENTIFIER = eu.magicsk.TransiUITests;
				PRODUCT_NAME = "$(TARGET_NAME)";
				SDKROOT = auto;
				SUPPORTED_PLATFORMS = "iphoneos iphonesimulator macosx";
				SWIFT_EMIT_LOC_STRINGS = NO;
				SWIFT_VERSION = 5.0;
				TARGETED_DEVICE_FAMILY = "1,2";
				TEST_TARGET_NAME = Transi;
			};
			name = Debug;
		};
		DAA817F12974387D00E2FBB7 /* Release */ = {
			isa = XCBuildConfiguration;
			buildSettings = {
				ALWAYS_EMBED_SWIFT_STANDARD_LIBRARIES = YES;
				CODE_SIGN_STYLE = Automatic;
				CURRENT_PROJECT_VERSION = 1;
				DEAD_CODE_STRIPPING = YES;
				DEVELOPMENT_TEAM = 8G65S9KX9U;
				GENERATE_INFOPLIST_FILE = YES;
				IPHONEOS_DEPLOYMENT_TARGET = 16.1;
				MACOSX_DEPLOYMENT_TARGET = 13.0;
				MARKETING_VERSION = 1.0;
				PRODUCT_BUNDLE_IDENTIFIER = eu.magicsk.TransiUITests;
				PRODUCT_NAME = "$(TARGET_NAME)";
				SDKROOT = auto;
				SUPPORTED_PLATFORMS = "iphoneos iphonesimulator macosx";
				SWIFT_EMIT_LOC_STRINGS = NO;
				SWIFT_VERSION = 5.0;
				TARGETED_DEVICE_FAMILY = "1,2";
				TEST_TARGET_NAME = Transi;
			};
			name = Release;
		};
		DAD0CEA729CB97D700A43CC6 /* Debug */ = {
			isa = XCBuildConfiguration;
			buildSettings = {
				ASSETCATALOG_COMPILER_APPICON_NAME = AppIcon;
				ASSETCATALOG_COMPILER_GLOBAL_ACCENT_COLOR_NAME = AccentColor;
				ASSETCATALOG_COMPILER_INCLUDE_ALL_APPICON_ASSETS = NO;
				CODE_SIGN_IDENTITY = "Apple Development";
				CODE_SIGN_STYLE = Automatic;
				CURRENT_PROJECT_VERSION = 1;
				DEVELOPMENT_ASSET_PATHS = "\"Transi Watch App/Preview Content\"";
				DEVELOPMENT_TEAM = 8G65S9KX9U;
				ENABLE_PREVIEWS = YES;
				GENERATE_INFOPLIST_FILE = YES;
				INFOPLIST_FILE = "Transi-Watch-App-Info.plist";
				INFOPLIST_KEY_LSApplicationCategoryType = "public.app-category.travel";
				INFOPLIST_KEY_NSLocationWhenInUseUsageDescription = "Location will be used for showing nearby stops. Everything stays on your device.";
				INFOPLIST_KEY_UIApplicationSupportsIndirectInputEvents = YES;
				INFOPLIST_KEY_UISupportedInterfaceOrientations = "UIInterfaceOrientationPortrait UIInterfaceOrientationPortraitUpsideDown";
				INFOPLIST_KEY_WKCompanionAppBundleIdentifier = eu.magicsk.transi;
				INFOPLIST_KEY_WKRunsIndependentlyOfCompanionApp = YES;
				LD_RUNPATH_SEARCH_PATHS = (
					"$(inherited)",
					"@executable_path/Frameworks",
				);
				MARKETING_VERSION = 0.1;
				PRODUCT_BUNDLE_IDENTIFIER = eu.magicsk.transi.watch;
				PRODUCT_NAME = Transi;
				SDKROOT = watchos;
				SKIP_INSTALL = YES;
				SWIFT_EMIT_LOC_STRINGS = YES;
				SWIFT_VERSION = 5.0;
				TARGETED_DEVICE_FAMILY = 4;
				WATCHOS_DEPLOYMENT_TARGET = 8.6;
			};
			name = Debug;
		};
		DAD0CEA829CB97D700A43CC6 /* Release */ = {
			isa = XCBuildConfiguration;
			buildSettings = {
				ASSETCATALOG_COMPILER_APPICON_NAME = AppIcon;
				ASSETCATALOG_COMPILER_GLOBAL_ACCENT_COLOR_NAME = AccentColor;
				ASSETCATALOG_COMPILER_INCLUDE_ALL_APPICON_ASSETS = NO;
				CODE_SIGN_IDENTITY = "Apple Development";
				CODE_SIGN_STYLE = Automatic;
				CURRENT_PROJECT_VERSION = 1;
				DEVELOPMENT_ASSET_PATHS = "\"Transi Watch App/Preview Content\"";
				DEVELOPMENT_TEAM = 8G65S9KX9U;
				ENABLE_PREVIEWS = YES;
				GENERATE_INFOPLIST_FILE = YES;
				INFOPLIST_FILE = "Transi-Watch-App-Info.plist";
				INFOPLIST_KEY_LSApplicationCategoryType = "public.app-category.travel";
				INFOPLIST_KEY_NSLocationWhenInUseUsageDescription = "Location will be used for showing nearby stops. Everything stays on your device.";
				INFOPLIST_KEY_UIApplicationSupportsIndirectInputEvents = YES;
				INFOPLIST_KEY_UISupportedInterfaceOrientations = "UIInterfaceOrientationPortrait UIInterfaceOrientationPortraitUpsideDown";
				INFOPLIST_KEY_WKCompanionAppBundleIdentifier = eu.magicsk.transi;
				INFOPLIST_KEY_WKRunsIndependentlyOfCompanionApp = YES;
				LD_RUNPATH_SEARCH_PATHS = (
					"$(inherited)",
					"@executable_path/Frameworks",
				);
				MARKETING_VERSION = 0.1;
				PRODUCT_BUNDLE_IDENTIFIER = eu.magicsk.transi.watch;
				PRODUCT_NAME = Transi;
				SDKROOT = watchos;
				SKIP_INSTALL = YES;
				SWIFT_EMIT_LOC_STRINGS = YES;
				SWIFT_VERSION = 5.0;
				TARGETED_DEVICE_FAMILY = 4;
				VALIDATE_PRODUCT = YES;
				WATCHOS_DEPLOYMENT_TARGET = 8.6;
			};
			name = Release;
		};
/* End XCBuildConfiguration section */

/* Begin XCConfigurationList section */
		DAA817BF2974387B00E2FBB7 /* Build configuration list for PBXProject "Transi" */ = {
			isa = XCConfigurationList;
			buildConfigurations = (
				DAA817E72974387D00E2FBB7 /* Debug */,
				DAA817E82974387D00E2FBB7 /* Release */,
			);
			defaultConfigurationIsVisible = 0;
			defaultConfigurationName = Release;
		};
		DAA817E92974387D00E2FBB7 /* Build configuration list for PBXNativeTarget "Transi" */ = {
			isa = XCConfigurationList;
			buildConfigurations = (
				DAA817EA2974387D00E2FBB7 /* Debug */,
				DAA817EB2974387D00E2FBB7 /* Release */,
			);
			defaultConfigurationIsVisible = 0;
			defaultConfigurationName = Release;
		};
		DAA817EC2974387D00E2FBB7 /* Build configuration list for PBXNativeTarget "TransiTests" */ = {
			isa = XCConfigurationList;
			buildConfigurations = (
				DAA817ED2974387D00E2FBB7 /* Debug */,
				DAA817EE2974387D00E2FBB7 /* Release */,
			);
			defaultConfigurationIsVisible = 0;
			defaultConfigurationName = Release;
		};
		DAA817EF2974387D00E2FBB7 /* Build configuration list for PBXNativeTarget "TransiUITests" */ = {
			isa = XCConfigurationList;
			buildConfigurations = (
				DAA817F02974387D00E2FBB7 /* Debug */,
				DAA817F12974387D00E2FBB7 /* Release */,
			);
			defaultConfigurationIsVisible = 0;
			defaultConfigurationName = Release;
		};
		DAD0CEA629CB97D700A43CC6 /* Build configuration list for PBXNativeTarget "Transi Watch App" */ = {
			isa = XCConfigurationList;
			buildConfigurations = (
				DAD0CEA729CB97D700A43CC6 /* Debug */,
				DAD0CEA829CB97D700A43CC6 /* Release */,
			);
			defaultConfigurationIsVisible = 0;
			defaultConfigurationName = Release;
		};
/* End XCConfigurationList section */

/* Begin XCRemoteSwiftPackageReference section */
		DAA817F329743A9C00E2FBB7 /* XCRemoteSwiftPackageReference "socket" */ = {
			isa = XCRemoteSwiftPackageReference;
			repositoryURL = "https://github.com/socketio/socket.io-client-swift";
			requirement = {
				branch = master;
				kind = branch;
			};
		};
		DAAB2C0629F8727900D79A70 /* XCRemoteSwiftPackageReference "fuse-swift" */ = {
			isa = XCRemoteSwiftPackageReference;
			repositoryURL = "https://github.com/krisk/fuse-swift";
			requirement = {
				kind = upToNextMajorVersion;
				minimumVersion = 1.0.0;
			};
		};
/* End XCRemoteSwiftPackageReference section */

/* Begin XCSwiftPackageProductDependency section */
		DAA817F429743A9C00E2FBB7 /* SocketIO */ = {
			isa = XCSwiftPackageProductDependency;
			package = DAA817F329743A9C00E2FBB7 /* XCRemoteSwiftPackageReference "socket" */;
			productName = SocketIO;
		};
		DAAB2C0729F8727900D79A70 /* Fuse */ = {
			isa = XCSwiftPackageProductDependency;
			package = DAAB2C0629F8727900D79A70 /* XCRemoteSwiftPackageReference "fuse-swift" */;
			productName = Fuse;
		};
		DAAB2C0929F8751F00D79A70 /* Fuse */ = {
			isa = XCSwiftPackageProductDependency;
			package = DAAB2C0629F8727900D79A70 /* XCRemoteSwiftPackageReference "fuse-swift" */;
			productName = Fuse;
		};
		DAD0CEB329CB9E1D00A43CC6 /* SocketIO */ = {
			isa = XCSwiftPackageProductDependency;
			package = DAA817F329743A9C00E2FBB7 /* XCRemoteSwiftPackageReference "socket" */;
			productName = SocketIO;
		};
/* End XCSwiftPackageProductDependency section */
	};
	rootObject = DAA817BC2974387B00E2FBB7 /* Project object */;
}
